version = 1
revision = 3
requires-python = ">=3.11"

[[package]]
name = "anyio"
version = "4.15.1"
source = { registry = "https://pypi.org/simple" }
dependencies = [
    { name = "idna" },
    { name = "typing-extensions", marker = "python_full_version < '3.15'" },
]
sdist = { url = "https://files.pythonhosted.org/packages/a9/d2/f4d173e22df740bc37b1db102b386ba719b66e95b0f0d751f556b387e6d2/anyio-4.15.1.tar.gz", hash = "sha256:9f28306018cbd6d329e64a36d58256edff76dd996fe423bc957326e578b82a94", size = 276966, upload-time = "2026-09-05T10:42:39.44Z" }
wheels = [
    { url = "https://files.pythonhosted.org/packages/12/b8/4bd346e22b28902df4d651910f5242c28d84e4a5c2435ca5c3f797ed7e2e/anyio-4.15.1-py3-none-any.whl", hash = "sha256:6152fdbbf9a77fdec97731721bebf7c4c44f7c29b424b0065826173efc7ed101", size = 132079, upload-time = "2026-09-05T10:42:37.923Z" },
]

[[package]]
name = "binance-agent-market-maker"
version = "0.1.0"
source = { editable = "." }
dependencies = [
    { name = "httpx" },
    { name = "rich" },
    { name = "websockets" },
]

[package.optional-dependencies]
dev = [
    { name = "pytest" },
    { name = "ruff" },
]

[package.metadata]
requires-dist = [
    { name = "httpx", specifier = ">=0.27,<1" },
    { name = "pytest", marker = "extra == 'dev'", specifier = ">=8,<9" },
    { name = "rich", specifier = ">=13.7,<15" },
    { name = "ruff", marker = "extra == 'dev'", specifier = ">=0.6,<1" },
    { name = "websockets", specifier = ">=12,<15" },
]
provides-extras = ["dev"]

[[package]]
name = "certifi"
version = "2026.7.22"
source = { registry = "https://pypi.org/simple" }
sdist = { url = "https://files.pythonhosted.org/packages/a3/c2/24167ea9858356b47a87a50d39908bfdb72ceeefe0041586e704e5376b3a/certifi-2026.7.22.tar.gz", hash = "sha256:741e2c3b351ddf169a738da9f2c048608ff7f2c5cc02f1ebc6b118bb090d5d55", size = 138112, upload-time = "2026-07-22T03:35:12.644Z" }
wheels = [
    { url = "https://files.pythonhosted.org/packages/0b/a7/71ac2cff56fec219ed242bb11b8efb69fcc4bec75db06fb7bfe35de520e6/certifi-2026.7.22-py3-none-any.whl", hash = "sha256:62f22742b58a1a33014a2b6b706588a8d7e2a88ae7bd1a6ebe8c992928483775", size = 136983, upload-time = "2026-07-22T03:35:11.276Z" },
]

[[package]]
name = "colorama"
version = "0.4.6"
source = { registry = "https://pypi.org/simple" }
sdist = { url = "https://files.pythonhosted.org/packages/d8/53/6f443c9a4a8358a93a6792e2acffb9d9d5cb0a5cfd8802644b7b1c9a02e4/colorama-0.4.6.tar.gz", hash = "sha256:08695f5cb7ed6e0531a20572697297273c47b8cae5a63ffc6d6ed5c201be6e44", size = 27697, upload-time = "2022-10-25T02:36:22.414Z" }
wheels = [
    { url = "https://files.pythonhosted.org/packages/d1/d6/3965ed04c63042e047cb6a3e6ed1a63a35087b6a609aa3a15ed8ac56c221/colorama-0.4.6-py2.py3-none-any.whl", hash = "sha256:4f1d9991f5acc0ca119f9d443620b77f9d6b33703e51011c16baf57afb285fc6", size = 25335, upload-time = "2022-10-25T02:36:20.889Z" },
]

[[package]]
name = "h11"
version = "0.16.0"
source = { registry = "https://pypi.org/simple" }
sdist = { url = "https://files.pythonhosted.org/packages/01/ee/02a2c011bdab74c6fb3c75474d40b3052059d95df7e73351460c8588d963/h11-0.16.0.tar.gz", hash = "sha256:4e35b956cf45792e4caa5885e69fba00bdbc6ffafbfa020300e549b208ee5ff1", size = 101250, upload-time = "2025-04-24T03:35:25.427Z" }
wheels = [
    { url = "https://files.pythonhosted.org/packages/04/4b/29cac41a4d98d144bf5f6d33995617b185d14b22401f75ca86f384e87ff1/h11-0.16.0-py3-none-any.whl", hash = "sha256:63cf8bbe7522de3bf65932fda1d9c2772064ffb3dae62d55932da54b31cb6c86", size = 37515, upload-time = "2025-04-24T03:35:24.344Z" },
]

[[package]]
name = "httpcore"
version = "1.0.9"
source = { registry = "https://pypi.org/simple" }
dependencies = [
    { name = "certifi" },
    { name = "h11" },
]
sdist = { url = "https://files.pythonhosted.org/packages/06/94/82699a10bca87a5556c9c59b5963f2d039dbd239f25bc2a63907a05a14cb/httpcore-1.0.9.tar.gz", hash = "sha256:6e34463af53fd2ab5d807f399a9b45ea31c3dfa2276f15a2c3f00afff6e176e8", size = 85484, upload-time = "2025-04-24T22:06:22.219Z" }
wheels = [
    { url = "https://files.pythonhosted.org/packages/7e/f5/f66802a942d491edb555dd61e3a9961140fd64c90bce1eafd741609d334d/httpcore-1.0.9-py3-none-any.whl", hash = "sha256:2d400746a40668fc9dec9810239072b40b4484b640a8c38fd654a024c7a1bf55", size = 78784, upload-time = "2025-04-24T22:06:20.566Z" },
]

[[package]]
name = "httpx"
version = "0.28.1"
source = { registry = "https://pypi.org/simple" }
dependencies = [
    { name = "anyio" },
    { name = "certifi" },
    { name = "httpcore" },
    { name = "idna" },
]
sdist = { url = "https://files.pythonhosted.org/packages/b1/df/48c586a5fe32a0f01324ee087459e112ebb7224f646c0b5023f5e79e9956/httpx-0.28.1.tar.gz", hash = "sha256:75e98c5f16b0f35b567856f597f06ff2270a374470a5c2392242528e3e3e42fc", size = 141406, upload-time = "2024-12-06T15:37:23.222Z" }
wheels = [
    { url = "https://files.pythonhosted.org/packages/2a/39/e50c7c3a983047577ee07d2a9e53faf5a69493943ec3f6a384bdc792deb2/httpx-0.28.1-py3-none-any.whl", hash = "sha256:d909fcccc110f8c7faf814ca82a9a4d816bc5a6dbfea25d6591d6985b8ba59ad", size = 73517, upload-time = "2024-12-06T15:37:21.509Z" },
]

[[package]]
name = "idna"
version = "3.19"
source = { registry = "https://pypi.org/simple" }
sdist = { url = "https://files.pythonhosted.org/packages/5f/f7/abb373e5757eaec4b922b92f97ec8d6d7e057cf06778247604fbc4e7c3f3/idna-3.19.tar.gz", hash = "sha256:5e0811a4383b21dc5838069f801c4fb62113b7447663d2530d2bd6e77b49bf15", size = 215237, upload-time = "2026-08-18T05:14:24.27Z" }
wheels = [
    { url = "https://files.pythonhosted.org/packages/57/b0/0e52c878c53f245edd3a11020f20979b3f490f245af532c7cae3027754b5/idna-3.19-py3-none-any.whl", hash = "sha256:815e7be7a7806d54abb586dc943addc79e8b2ee16915059658cbeff4b1b43bf4", size = 68550, upload-time = "2026-08-18T05:14:22.343Z" },
]

[[package]]
name = "iniconfig"
version = "2.3.0"
source = { registry = "https://pypi.org/simple" }
sdist = { url = "https://files.pythonhosted.org/packages/72/34/14ca021ce8e5dfedc35312d08ba8bf51fdd999c576889fc2c24cb97f4f10/iniconfig-2.3.0.tar.gz", hash = "sha256:c76315c77db068650d49c5b56314774a7804df16fee4402c1f19d6d15d8c4730", size = 20503, upload-time = "2025-10-18T21:55:43.219Z" }
wheels = [
    { url = "https://files.pythonhosted.org/packages/cb/b1/3846dd7f199d53cb17f49cba7e651e9ce294d8497c8c150530ed11865bb8/iniconfig-2.3.0-py3-none-any.whl", hash = "sha256:f631c04d2c48c52b84d0d0549c99ff3859c98df65b3101406327ecc7d53fbf12", size = 7484, upload-time = "2025-10-18T21:55:41.639Z" },
]

[[package]]
name = "markdown-it-py"
version = "4.2.0"
source = { registry = "https://pypi.org/simple" }
dependencies = [
    { name = "mdurl" },
]
sdist = { url = "https://files.pythonhosted.org/packages/06/ff/7841249c247aa650a76b9ee4bbaeae59370dc8bfd2f6c01f3630c35eb134/markdown_it_py-4.2.0.tar.gz", hash = "sha256:04a21681d6fbb623de53f6f364d352309d4094dd4194040a10fd51833e418d49", size = 82454, upload-time = "2026-05-07T12:08:28.36Z" }
wheels = [
    { url = "https://files.pythonhosted.org/packages/b3/81/4da04ced5a082363ecfa159c010d200ecbd959ae410c10c0264a38cac0f5/markdown_it_py-4.2.0-py3-none-any.whl", hash = "sha256:9f7ebbcd14fe59494226453aed97c1070d83f8d24b6fc3a3bcf9a38092641c4a", size = 91687, upload-time = "2026-05-07T12:08:27.182Z" },
]

[[package]]
name = "mdurl"
version = "0.1.2"
source = { registry = "https://pypi.org/simple" }
sdist = { url = "https://files.pythonhosted.org/packages/d6/54/cfe61301667036ec958cb99bd3efefba235e65cdeb9c84d24a8293ba1d90/mdurl-0.1.2.tar.gz", hash = "sha256:bb413d29f5eea38f31dd4754dd7377d4465116fb207585f97bf925588687c1ba", size = 8729, upload-time = "2022-08-14T12:40:10.846Z" }
wheels = [
    { url = "https://files.pythonhosted.org/packages/b3/38/89ba8ad64ae25be8de66a6d463314cf1eb366222074cfda9ee839c56a4b4/mdurl-0.1.2-py3-none-any.whl", hash = "sha256:84008a41e51615a49fc9966191ff91509e3c40b939176e643fd50a5c2196b8f8", size = 9979, upload-time = "2022-08-14T12:40:09.779Z" },
]

[[package]]
name = "packaging"
version = "26.3"
source = { registry = "https://pypi.org/simple" }
sdist = { url = "https://files.pythonhosted.org/packages/7d/fa/3944b40b07da9ce895c0e6303a5ab7d53da063554f534556b134a54d6093/packaging-26.3.tar.gz", hash = "sha256:94edc256424af38762eb31306eed28beb9f0efc50a8837492c9d6fd6004aed79", size = 313412, upload-time = "2026-08-04T18:15:28.737Z" }
wheels = [
    { url = "https://files.pythonhosted.org/packages/63/34/ba1c580383c9eada3711951fef0795c80b829a078d72188184bcab9dd527/packaging-26.3-py3-none-any.whl", hash = "sha256:d7193f7c8e4e93f444fde0262bf90af30e16fa0ad0ad44cb553c87339b23cd1c", size = 129956, upload-time = "2026-08-04T18:15:27.159Z" },
]

[[package]]
name = "pluggy"
version = "1.6.0"
source = { registry = "https://pypi.org/simple" }
sdist = { url = "https://files.pythonhosted.org/packages/f9/e2/3e91f31a7d2b083fe6ef3fa267035b518369d9511ffab804f839851d2779/pluggy-1.6.0.tar.gz", hash = "sha256:7dcc130b76258d33b90f61b658791dede3486c3e6bfb003ee5c9bfb396dd22f3", size = 69412, upload-time = "2025-05-15T12:30:07.975Z" }
wheels = [
    { url = "https://files.pythonhosted.org/packages/54/20/4d324d65cc6d9205fabedc306948156824eb9f0ee1633355a8f7ec5c66bf/pluggy-1.6.0-py3-none-any.whl", hash = "sha256:e920276dd6813095e9377c0bc5566d94c932c33b27a3e3945d8389c374dd4746", size = 20538, upload-time = "2025-05-15T12:30:06.134Z" },
]

[[package]]
name = "pygments"
version = "2.21.0"
source = { registry = "https://pypi.org/simple" }
sdist = { url = "https://files.pythonhosted.org/packages/49/2e/ced460408999b33da6b31b0021b0f37d329e202d4169aeb164493778f25b/pygments-2.21.0.tar.gz", hash = "sha256:610ca751c9bc2492b38eb9a38a7fbc93edbbb2d7182edaf34e66ae493dee5c8c", size = 5005329, upload-time = "2026-08-17T08:02:48.824Z" }
wheels = [
    { url = "https://files.pythonhosted.org/packages/71/46/17f022dd3e953bf20a04a028a21ec746d942f8d2af30fa0f124fa0e6a684/pygments-2.21.0-py3-none-any.whl", hash = "sha256:2363c69b61c4a97c838da3b130dcd6468f4848992b21a82f2a63ec34377137d9", size = 1250147, upload-time = "2026-08-17T08:02:44.912Z" },
]

[[package]]
name = "pytest"
version = "8.4.2"
source = { registry = "https://pypi.org/simple" }
dependencies = [
    { name = "colorama", marker = "sys_platform == 'win32'" },
    { name = "iniconfig" },
    { name = "packaging" },
    { name = "pluggy" },
    { name = "pygments" },
]
sdist = { url = "https://files.pythonhosted.org/packages/a3/5c/00a0e072241553e1a7496d638deababa67c5058571567b92a7eaa258397c/pytest-8.4.2.tar.gz", hash = "sha256:86c0d0b93306b961d58d62a4db4879f27fe25513d4b969df351abdddb3c30e01", size = 1519618, upload-time = "2025-09-04T14:34:22.711Z" }
wheels = [
    { url = "https://files.pythonhosted.org/packages/a8/a4/20da314d277121d6534b3a980b29035dcd51e6744bd79075a6ce8fa4eb8d/pytest-8.4.2-py3-none-any.whl", hash = "sha256:872f880de3fc3a5bdc88a11b39c9710c3497a547cfa9320bc3c5e62fbf272e79", size = 365750, upload-time = "2025-09-04T14:34:20.226Z" },
]

[[package]]
name = "rich"
version = "14.3.4"
source = { registry = "https://pypi.org/simple" }
dependencies = [
    { name = "markdown-it-py" },
    { name = "pygments" },
]
sdist = { url = "https://files.pythonhosted.org/packages/e9/67/cae617f1351490c25a4b8ac3b8b63a4dda609295d8222bad12242dfdc629/rich-14.3.4.tar.gz", hash = "sha256:817e02727f2b25b40ef56f5aa2217f400c8489f79ca8f46ea2b70dd5e14558a9", size = 230524, upload-time = "2026-04-11T02:57:45.419Z" }
wheels = [
    { url = "https://files.pythonhosted.org/packages/b3/76/6d163cfac87b632216f71879e6b2cf17163f773ff59c00b5ff4900a80fa3/rich-14.3.4-py3-none-any.whl", hash = "sha256:07e7adb4690f68864777b1450859253bed81a99a31ac321ac1817b2313558952", size = 310480, upload-time = "2026-04-11T02:57:47.484Z" },
]

[[package]]
name = "ruff"
version = "0.16.6"
source = { registry = "https://pypi.org/simple" }
sdist = { url = "https://files.pythonhosted.org/packages/a4/7c/6adb35d70e7c027e308274557901c7e00fb3407750faf3620c184ae058cb/ruff-0.16.6.tar.gz", hash = "sha256:dcf8a73d2ff77e99dde91244b4da16feba7f14e6beeb4015dee7c5a909e99050", size = 4921251, upload-time = "2026-09-03T16:57:29.037Z" }
wheels = [
    { url = "https://files.pythonhosted.org/packages/a4/28/9cc1b79639e284ec103f43c88c644db4eb58cbd0ea1ca11f1193435369ac/ruff-0.16.6-py3-none-linux_armv6l.whl", hash = "sha256:61c368c26bf8e973e5ab14a2772de587bc068ea3f9a277f673380749b4898fb8", size = 10015638, upload-time = "2026-09-03T16:56:40.986Z" },
    { url = "https://files.pythonhosted.org/packages/71/11/627d342ef727ea7794edf74fe23d60a074b02c3acc2e9436684e782286ca/ruff-0.16.6-py3-none-macosx_10_12_x86_64.whl", hash = "sha256:ecf4f068e2e123e43a26e9db4e19524cc56563912404e83bbfca375757e45a32", size = 10220762, upload-time = "2026-09-03T16:56:44.681Z" },
    { url = "https://files.pythonhosted.org/packages/43/d9/b75668ce41e4c8d073d18d6d08672ba6906ce45d5c06ea4fdb2e84ce3853/ruff-0.16.6-py3-none-macosx_11_0_arm64.whl", hash = "sha256:99b62ea33baf130f50368798d841f0d95527b6d817bf31817b65dd058f1d314c", size = 9835082, upload-time = "2026-09-03T16:56:47.142Z" },
    { url = "https://files.pythonhosted.org/packages/99/97/123ab10b05cde889c107c20f5a9774955104b5552796a2a8584b089ae8eb/ruff-0.16.6-py3-none-manylinux_2_17_aarch64.manylinux2014_aarch64.whl", hash = "sha256:7fbf89013f2bb3f6835a6038ff658dc8a1b38c98dc8e724b964168ad4e881876", size = 9949304, upload-time = "2026-09-03T16:56:49.813Z" },
    { url = "https://files.pythonhosted.org/packages/3e/58/a4a2c59dd2e5b85929c912d9cac3056eb9ee8c7e75e9b9fe3e109174966b/ruff-0.16.6-py3-none-manylinux_2_17_armv7l.manylinux2014_armv7l.whl", hash = "sha256:56a67065e22efa6bc4d498299d3bb06c0c90aace8fac2068b5a12f9dc4d8d51d", size = 9840612, upload-time = "2026-09-03T16:56:52.368Z" },
    { url = "https://files.pythonhosted.org/packages/61/6a/ff8c8626a786c4f49d48ced4a752dadbca65f5263005f9c2416578194694/ruff-0.16.6-py3-none-manylinux_2_17_i686.manylinux2014_i686.whl", hash = "sha256:e25cc89174874b176a157e4428d66761c2c0c006654419bf384f967f361ff1b1", size = 10543465, upload-time = "2026-09-03T16:56:55.089Z" },
    { url = "https://files.pythonhosted.org/packages/ad/bb/c47535923365f337b82e28192e4e9eef2176511007cfd99a62fc22df5dad/ruff-0.16.6-py3-none-manylinux_2_17_ppc64le.manylinux2014_ppc64le.whl", hash = "sha256:0700580ed5303723cb3c11c2f1d2a8913ce77b7ea86646dddb887f5417a9ba70", size = 11267576, upload-time = "2026-09-03T16:56:57.791Z" },
    { url = "https://files.pythonhosted.org/packages/ba/50/e5119a5212b5cd63b51e1f4b25e7bd636a6668fc069a3160b108ad7e3c16/ruff-0.16.6-py3-none-manylinux_2_17_s390x.manylinux2014_s390x.whl", hash = "sha256:15f1d0b6e165a6e56567befb6629f8209271311d990bae0f37e6d065035ef5f3", size = 10781993, upload-time = "2026-09-03T16:57:00.666Z" },
    { url = "https://files.pythonhosted.org/packages/8b/98/083d8b4ef3c51a0d19db84367791cbe9f44e4b53343d19dfa83556e1cd9a/ruff-0.16.6-py3-none-manylinux_2_17_x86_64.manylinux2014_x86_64.whl", hash = "sha256:d72c591a96986ee4268860e2b7235082129ca5e4cb9cbba653a4b57c11893757", size = 10317748, upload-time = "2026-09-03T16:57:03.428Z" },
    { url = "https://files.pythonhosted.org/packages/9a/29/68f7ff2c5ad95f19f00627ac2de95644e25fe47371ea60b2db1fd952315e/ruff-0.16.6-py3-none-manylinux_2_31_riscv64.whl", hash = "sha256:65a006baa18f33324325814c864daef03541d51564b98c517610ea756ab7003e", size = 10540096, upload-time = "2026-09-03T16:57:06.182Z" },
    { url = "https://files.pythonhosted.org/packages/c4/f9/79a8f6de85968641d68a7863aeec577551924ef066a990a48ff93167beab/ruff-0.16.6-py3-none-musllinux_1_2_aarch64.whl", hash = "sha256:cd02a7bf1a21a8735228a3e8c95a9dc5cf86bd2a52194f4aaae2a5755b4de0f4", size = 10100494, upload-time = "2026-09-03T16:57:09.194Z" },
    { url = "https://files.pythonhosted.org/packages/d9/e8/b81a22d9b90c00b892ccf2fa2ac36fa95de4c13ab85aea3e73795cfe4651/ruff-0.16.6-py3-none-musllinux_1_2_armv7l.whl", hash = "sha256:31b36f1e5ad85e0737f09d2be4e512e2e283583c14015da3b9dc07359ac0fc88", size = 9843663, upload-time = "2026-09-03T16:57:12.168Z" },
    { url = "https://files.pythonhosted.org/packages/39/aa/54f516ec5e5a11c4afdceb1c454ebb054ffb96e4f4a1705580b4346abd35/ruff-0.16.6-py3-none-musllinux_1_2_i686.whl", hash = "sha256:61029b4ab4aa723fd3064fab96b1d814492596bf0c792679fffcbde1e1679953", size = 10282461, upload-time = "2026-09-03T16:57:15.077Z" },
    { url = "https://files.pythonhosted.org/packages/52/0b/38d0aa8aa32372b96dc44f97b22e576c4147808271aab7b2cb1e353d4445/ruff-0.16.6-py3-none-musllinux_1_2_x86_64.whl", hash = "sha256:9ac8998457832c2061709d900856b7ad271dace0cb41f346588d540162bfa718", size = 10728808, upload-time = "2026-09-03T16:57:17.797Z" },
    { url = "https://files.pythonhosted.org/packages/5e/e5/9e274e24eeb027640ffc7442f21239f16d17f47acec15ae34f32e03a5c79/ruff-0.16.6-py3-none-win32.whl", hash = "sha256:0b87d9d16fcb63e8018423ca1d50b7260f15cb2da33e30db4baad4183a948c25", size = 10049212, upload-time = "2026-09-03T16:57:20.55Z" },
    { url = "https://files.pythonhosted.org/packages/22/31/72472449414223ed1a2da236b992adbb1a2ae59e34794574810f60ce068e/ruff-0.16.6-py3-none-win_amd64.whl", hash = "sha256:10d21c51c3495d8eaea7b703a16592117ea6eb1d649e36335aa965ff1173eb39", size = 10556402, upload-time = "2026-09-03T16:57:23.501Z" },
    { url = "https://files.pythonhosted.org/packages/fc/07/d781f8f8e1ac24bef9f3269cf62ffb1407ca24c3a8f12e5e22874f90528c/ruff-0.16.6-py3-none-win_arm64.whl", hash = "sha256:7a976c79b958f94e50a022a19f0f8c87387448020935ec14fc74331bd0a7f2c5", size = 10412850, upload-time = "2026-09-03T16:57:26.416Z" },
]

[[package]]
name = "typing-extensions"
version = "4.16.0"
source = { registry = "https://pypi.org/simple" }
sdist = { url = "https://files.pythonhosted.org/packages/f6/cc/6253133b5bb138fc3306cebfbda2c520f545d36b5be2c7255cc528bb45d6/typing_extensions-4.16.0.tar.gz", hash = "sha256:dc983d19a509c94dba722ee6abd33940f7c05a89e243c47e907eb4db6f1a43e5", size = 113555, upload-time = "2026-07-02T08:40:05.92Z" }
wheels = [
    { url = "https://files.pythonhosted.org/packages/49/d3/b8441a820a491ddfc024b0b0cf0393375b75ea13866d9c66727e54c2fc80/typing_extensions-4.16.0-py3-none-any.whl", hash = "sha256:481caa481374e813c1b176ada14e97f1f67a4539ce9cfeb3f350d78d6370c2e8", size = 45571, upload-time = "2026-07-02T08:40:04.659Z" },
]

[[package]]
name = "websockets"
version = "14.2"
source = { registry = "https://pypi.org/simple" }
sdist = { url = "https://files.pythonhosted.org/packages/94/54/8359678c726243d19fae38ca14a334e740782336c9f19700858c4eb64a1e/websockets-14.2.tar.gz", hash = "sha256:5059ed9c54945efb321f097084b4c7e52c246f2c869815876a69d1efc4ad6eb5", size = 164394, upload-time = "2025-01-19T21:00:56.431Z" }
wheels = [
    { url = "https://files.pythonhosted.org/packages/15/b6/504695fb9a33df0ca56d157f5985660b5fc5b4bf8c78f121578d2d653392/websockets-14.2-cp311-cp311-macosx_10_9_universal2.whl", hash = "sha256:3bdc8c692c866ce5fefcaf07d2b55c91d6922ac397e031ef9b774e5b9ea42166", size = 163088, upload-time = "2025-01-19T20:59:06.435Z" },
    { url = "https://files.pythonhosted.org/packages/81/26/ebfb8f6abe963c795122439c6433c4ae1e061aaedfc7eff32d09394afbae/websockets-14.2-cp311-cp311-macosx_10_9_x86_64.whl", hash = "sha256:c93215fac5dadc63e51bcc6dceca72e72267c11def401d6668622b47675b097f", size = 160745, upload-time = "2025-01-19T20:59:09.109Z" },
    { url = "https://files.pythonhosted.org/packages/a1/c6/1435ad6f6dcbff80bb95e8986704c3174da8866ddb751184046f5c139ef6/websockets-14.2-cp311-cp311-macosx_11_0_arm64.whl", hash = "sha256:1c9b6535c0e2cf8a6bf938064fb754aaceb1e6a4a51a80d884cd5db569886910", size = 160995, upload-time = "2025-01-19T20:59:12.816Z" },
    { url = "https://files.pythonhosted.org/packages/96/63/900c27cfe8be1a1f2433fc77cd46771cf26ba57e6bdc7cf9e63644a61863/websockets-14.2-cp311-cp311-manylinux_2_17_aarch64.manylinux2014_aarch64.whl", hash = "sha256:0a52a6d7cf6938e04e9dceb949d35fbdf58ac14deea26e685ab6368e73744e4c", size = 170543, upload-time = "2025-01-19T20:59:15.026Z" },
    { url = "https://files.pythonhosted.org/packages/00/8b/bec2bdba92af0762d42d4410593c1d7d28e9bfd952c97a3729df603dc6ea/websockets-14.2-cp311-cp311-manylinux_2_5_i686.manylinux1_i686.manylinux_2_17_i686.manylinux2014_i686.whl", hash = "sha256:9f05702e93203a6ff5226e21d9b40c037761b2cfb637187c9802c10f58e40473", size = 169546, upload-time = "2025-01-19T20:59:17.156Z" },
    { url = "https://files.pythonhosted.org/packages/6b/a9/37531cb5b994f12a57dec3da2200ef7aadffef82d888a4c29a0d781568e4/websockets-14.2-cp311-cp311-manylinux_2_5_x86_64.manylinux1_x86_64.manylinux_2_17_x86_64.manylinux2014_x86_64.whl", hash = "sha256:22441c81a6748a53bfcb98951d58d1af0661ab47a536af08920d129b4d1c3473", size = 169911, upload-time = "2025-01-19T20:59:18.623Z" },
    { url = "https://files.pythonhosted.org/packages/60/d5/a6eadba2ed9f7e65d677fec539ab14a9b83de2b484ab5fe15d3d6d208c28/websockets-14.2-cp311-cp311-musllinux_1_2_aarch64.whl", hash = "sha256:efd9b868d78b194790e6236d9cbc46d68aba4b75b22497eb4ab64fa640c3af56", size = 170183, upload-time = "2025-01-19T20:59:20.743Z" },
    { url = "https://files.pythonhosted.org/packages/76/57/a338ccb00d1df881c1d1ee1f2a20c9c1b5b29b51e9e0191ee515d254fea6/websockets-14.2-cp311-cp311-musllinux_1_2_i686.whl", hash = "sha256:1a5a20d5843886d34ff8c57424cc65a1deda4375729cbca4cb6b3353f3ce4142", size = 169623, upload-time = "2025-01-19T20:59:22.286Z" },
    { url = "https://files.pythonhosted.org/packages/64/22/e5f7c33db0cb2c1d03b79fd60d189a1da044e2661f5fd01d629451e1db89/websockets-14.2-cp311-cp311-musllinux_1_2_x86_64.whl", hash = "sha256:34277a29f5303d54ec6468fb525d99c99938607bc96b8d72d675dee2b9f5bf1d", size = 169583, upload-time = "2025-01-19T20:59:23.656Z" },
    { url = "https://files.pythonhosted.org/packages/aa/2e/2b4662237060063a22e5fc40d46300a07142afe30302b634b4eebd717c07/websockets-14.2-cp311-cp311-win32.whl", hash = "sha256:02687db35dbc7d25fd541a602b5f8e451a238ffa033030b172ff86a93cb5dc2a", size = 163969, upload-time = "2025-01-19T20:59:26.004Z" },
    { url = "https://files.pythonhosted.org/packages/94/a5/0cda64e1851e73fc1ecdae6f42487babb06e55cb2f0dc8904b81d8ef6857/websockets-14.2-cp311-cp311-win_amd64.whl", hash = "sha256:862e9967b46c07d4dcd2532e9e8e3c2825e004ffbf91a5ef9dde519ee2effb0b", size = 164408, upload-time = "2025-01-19T20:59:28.105Z" },
    { url = "https://files.pythonhosted.org/packages/c1/81/04f7a397653dc8bec94ddc071f34833e8b99b13ef1a3804c149d59f92c18/websockets-14.2-cp312-cp312-macosx_10_13_universal2.whl", hash = "sha256:1f20522e624d7ffbdbe259c6b6a65d73c895045f76a93719aa10cd93b3de100c", size = 163096, upload-time = "2025-01-19T20:59:29.763Z" },
    { url = "https://files.pythonhosted.org/packages/ec/c5/de30e88557e4d70988ed4d2eabd73fd3e1e52456b9f3a4e9564d86353b6d/websockets-14.2-cp312-cp312-macosx_10_13_x86_64.whl", hash = "sha256:647b573f7d3ada919fd60e64d533409a79dcf1ea21daeb4542d1d996519ca967", size = 160758, upload-time = "2025-01-19T20:59:32.095Z" },
    { url = "https://files.pythonhosted.org/packages/e5/8c/d130d668781f2c77d106c007b6c6c1d9db68239107c41ba109f09e6c218a/websockets-14.2-cp312-cp312-macosx_11_0_arm64.whl", hash = "sha256:6af99a38e49f66be5a64b1e890208ad026cda49355661549c507152113049990", size = 160995, upload-time = "2025-01-19T20:59:33.527Z" },
    { url = "https://files.pythonhosted.org/packages/a6/bc/f6678a0ff17246df4f06765e22fc9d98d1b11a258cc50c5968b33d6742a1/websockets-14.2-cp312-cp312-manylinux_2_17_aarch64.manylinux2014_aarch64.whl", hash = "sha256:091ab63dfc8cea748cc22c1db2814eadb77ccbf82829bac6b2fbe3401d548eda", size = 170815, upload-time = "2025-01-19T20:59:35.837Z" },
    { url = "https://files.pythonhosted.org/packages/d8/b2/8070cb970c2e4122a6ef38bc5b203415fd46460e025652e1ee3f2f43a9a3/websockets-14.2-cp312-cp312-manylinux_2_5_i686.manylinux1_i686.manylinux_2_17_i686.manylinux2014_i686.whl", hash = "sha256:b374e8953ad477d17e4851cdc66d83fdc2db88d9e73abf755c94510ebddceb95", size = 169759, upload-time = "2025-01-19T20:59:38.216Z" },
    { url = "https://files.pythonhosted.org/packages/81/da/72f7caabd94652e6eb7e92ed2d3da818626e70b4f2b15a854ef60bf501ec/websockets-14.2-cp312-cp312-manylinux_2_5_x86_64.manylinux1_x86_64.manylinux_2_17_x86_64.manylinux2014_x86_64.whl", hash = "sha256:a39d7eceeea35db85b85e1169011bb4321c32e673920ae9c1b6e0978590012a3", size = 170178, upload-time = "2025-01-19T20:59:40.423Z" },
    { url = "https://files.pythonhosted.org/packages/31/e0/812725b6deca8afd3a08a2e81b3c4c120c17f68c9b84522a520b816cda58/websockets-14.2-cp312-cp312-musllinux_1_2_aarch64.whl", hash = "sha256:0a6f3efd47ffd0d12080594f434faf1cd2549b31e54870b8470b28cc1d3817d9", size = 170453, upload-time = "2025-01-19T20:59:41.996Z" },
    { url = "https://files.pythonhosted.org/packages/66/d3/8275dbc231e5ba9bb0c4f93144394b4194402a7a0c8ffaca5307a58ab5e3/websockets-14.2-cp312-cp312-musllinux_1_2_i686.whl", hash = "sha256:065ce275e7c4ffb42cb738dd6b20726ac26ac9ad0a2a48e33ca632351a737267", size = 169830, upload-time = "2025-01-19T20:59:44.669Z" },
    { url = "https://files.pythonhosted.org/packages/a3/ae/e7d1a56755ae15ad5a94e80dd490ad09e345365199600b2629b18ee37bc7/websockets-14.2-cp312-cp312-musllinux_1_2_x86_64.whl", hash = "sha256:e9d0e53530ba7b8b5e389c02282f9d2aa47581514bd6049d3a7cffe1385cf5fe", size = 169824, upload-time = "2025-01-19T20:59:46.932Z" },
    { url = "https://files.pythonhosted.org/packages/b6/32/88ccdd63cb261e77b882e706108d072e4f1c839ed723bf91a3e1f216bf60/websockets-14.2-cp312-cp312-win32.whl", hash = "sha256:20e6dd0984d7ca3037afcb4494e48c74ffb51e8013cac71cf607fffe11df7205", size = 163981, upload-time = "2025-01-19T20:59:49.228Z" },
    { url = "https://files.pythonhosted.org/packages/b3/7d/32cdb77990b3bdc34a306e0a0f73a1275221e9a66d869f6ff833c95b56ef/websockets-14.2-cp312-cp312-win_amd64.whl", hash = "sha256:44bba1a956c2c9d268bdcdf234d5e5ff4c9b6dc3e300545cbe99af59dda9dcce", size = 164421, upload-time = "2025-01-19T20:59:50.674Z" },
    { url = "https://files.pythonhosted.org/packages/82/94/4f9b55099a4603ac53c2912e1f043d6c49d23e94dd82a9ce1eb554a90215/websockets-14.2-cp313-cp313-macosx_10_13_universal2.whl", hash = "sha256:6f1372e511c7409a542291bce92d6c83320e02c9cf392223272287ce55bc224e", size = 163102, upload-time = "2025-01-19T20:59:52.177Z" },
    { url = "https://files.pythonhosted.org/packages/8e/b7/7484905215627909d9a79ae07070057afe477433fdacb59bf608ce86365a/websockets-14.2-cp313-cp313-macosx_10_13_x86_64.whl", hash = "sha256:4da98b72009836179bb596a92297b1a61bb5a830c0e483a7d0766d45070a08ad", size = 160766, upload-time = "2025-01-19T20:59:54.368Z" },
    { url = "https://files.pythonhosted.org/packages/a3/a4/edb62efc84adb61883c7d2c6ad65181cb087c64252138e12d655989eec05/websockets-14.2-cp313-cp313-macosx_11_0_arm64.whl", hash = "sha256:f8a86a269759026d2bde227652b87be79f8a734e582debf64c9d302faa1e9f03", size = 160998, upload-time = "2025-01-19T20:59:56.671Z" },
    { url = "https://files.pythonhosted.org/packages/f5/79/036d320dc894b96af14eac2529967a6fc8b74f03b83c487e7a0e9043d842/websockets-14.2-cp313-cp313-manylinux_2_17_aarch64.manylinux2014_aarch64.whl", hash = "sha256:86cf1aaeca909bf6815ea714d5c5736c8d6dd3a13770e885aafe062ecbd04f1f", size = 170780, upload-time = "2025-01-19T20:59:58.085Z" },
    { url = "https://files.pythonhosted.org/packages/63/75/5737d21ee4dd7e4b9d487ee044af24a935e36a9ff1e1419d684feedcba71/websockets-14.2-cp313-cp313-manylinux_2_5_i686.manylinux1_i686.manylinux_2_17_i686.manylinux2014_i686.whl", hash = "sha256:a9b0f6c3ba3b1240f602ebb3971d45b02cc12bd1845466dd783496b3b05783a5", size = 169717, upload-time = "2025-01-19T20:59:59.545Z" },
    { url = "https://files.pythonhosted.org/packages/2c/3c/bf9b2c396ed86a0b4a92ff4cdaee09753d3ee389be738e92b9bbd0330b64/websockets-14.2-cp313-cp313-manylinux_2_5_x86_64.manylinux1_x86_64.manylinux_2_17_x86_64.manylinux2014_x86_64.whl", hash = "sha256:669c3e101c246aa85bc8534e495952e2ca208bd87994650b90a23d745902db9a", size = 170155, upload-time = "2025-01-19T21:00:01.887Z" },
    { url = "https://files.pythonhosted.org/packages/75/2d/83a5aca7247a655b1da5eb0ee73413abd5c3a57fc8b92915805e6033359d/websockets-14.2-cp313-cp313-musllinux_1_2_aarch64.whl", hash = "sha256:eabdb28b972f3729348e632ab08f2a7b616c7e53d5414c12108c29972e655b20", size = 170495, upload-time = "2025-01-19T21:00:04.064Z" },
    { url = "https://files.pythonhosted.org/packages/79/dd/699238a92761e2f943885e091486378813ac8f43e3c84990bc394c2be93e/websockets-14.2-cp313-cp313-musllinux_1_2_i686.whl", hash = "sha256:2066dc4cbcc19f32c12a5a0e8cc1b7ac734e5b64ac0a325ff8353451c4b15ef2", size = 169880, upload-time = "2025-01-19T21:00:05.695Z" },
    { url = "https://files.pythonhosted.org/packages/c8/c9/67a8f08923cf55ce61aadda72089e3ed4353a95a3a4bc8bf42082810e580/websockets-14.2-cp313-cp313-musllinux_1_2_x86_64.whl", hash = "sha256:ab95d357cd471df61873dadf66dd05dd4709cae001dd6342edafc8dc6382f307", size = 169856, upload-time = "2025-01-19T21:00:07.192Z" },
    { url = "https://files.pythonhosted.org/packages/17/b1/1ffdb2680c64e9c3921d99db460546194c40d4acbef999a18c37aa4d58a3/websockets-14.2-cp313-cp313-win32.whl", hash = "sha256:a9e72fb63e5f3feacdcf5b4ff53199ec8c18d66e325c34ee4c551ca748623bbc", size = 163974, upload-time = "2025-01-19T21:00:08.698Z" },
    { url = "https://files.pythonhosted.org/packages/14/13/8b7fc4cb551b9cfd9890f0fd66e53c18a06240319915533b033a56a3d520/websockets-14.2-cp313-cp313-win_amd64.whl", hash = "sha256:b439ea828c4ba99bb3176dc8d9b933392a2413c0f6b149fdcba48393f573377f", size = 164420, upload-time = "2025-01-19T21:00:10.182Z" },
    { url = "https://files.pythonhosted.org/packages/7b/c8/d529f8a32ce40d98309f4470780631e971a5a842b60aec864833b3615786/websockets-14.2-py3-none-any.whl", hash = "sha256:7a6ceec4ea84469f15cf15807a747e9efe57e369c384fa86e022b3bea679b79b", size = 157416, upload-time = "2025-01-19T21:00:54.843Z" },
]
